{
  "name": "TESTE5",
  "lockfileVersion": 3,
  "requires": true,
  "packages": {
    "": {
      "dependencies": {
        "cropit": "^0.5.1"
      }
    },
    "node_modules/cropit": {
      "version": "0.5.1",
      "resolved": "https://registry.npmjs.org/cropit/-/cropit-0.5.1.tgz",
      "integrity": "sha512-dmH7RAVrv+Y8YfXhnZTkAWTSDSCDNrnpIbtucZcPDFXQzQ6ximnwWtiZzdBvKtnBZn9OfaaYw3aCwCdvItNSgQ==",
      "license": "MIT",
      "dependencies": {
        "jquery": ">=1.9"
      }
    },
    "node_modules/jquery": {
      "version": "3.7.1",
      "resolved": "https://registry.npmjs.org/jquery/-/jquery-3.7.1.tgz",
      "integrity": "sha512-m4avr8yL8kmFN8psrbFFFmB/If14iN5o9nw/NgnnM+kybDJpRsAynV2BsfpTYrTRysYUdADVD7CkUUizgkpLfg==",
      "license": "MIT"
    }
  }
}
